
Microsoft Visual Studio Solution File, Format Version 12.00
# Visual Studio Version 16
VisualStudioVersion = 16.0.31321.278
MinimumVisualStudioVersion = 10.0.40219.1
Project("{FAE04EC0-301F-11D3-BF4B-00C04F79EFBC}") = "QuizGame.GUI", "QuizGame.GUI\QuizGame.GUI.csproj", "{8215AAE0-B153-43C3-934A-F868FCC9F795}"
EndProject
Project("{FAE04EC0-301F-11D3-BF4B-00C04F79EFBC}") = "QuizGame.Data", "QuizGame.Data\QuizGame.Data.csproj", "{D880B0D0-25CB-4E0E-A278-46811CC22861}"
EndProject
Project("{2150E333-8FDC-42A3-9474-1A3956D46DE8}") = "Solution Items", "Solution Items", "{C0596991-1788-4558-85A6-866B82A1E484}"
	ProjectSection(SolutionItems) = preProject
		ToDo.txt = ToDo.txt
	EndProjectSection
EndProject
Global
	GlobalSection(SolutionConfigurationPlatforms) = preSolution
		Debug|Any CPU = Debug|Any CPU
		Release|Any CPU = Release|Any CPU
	EndGlobalSection
	GlobalSection(ProjectConfigurationPlatforms) = postSolution
		{8215AAE0-B153-43C3-934A-F868FCC9F795}.Debug|Any CPU.ActiveCfg = Debug|Any CPU
		{8215AAE0-B153-43C3-934A-F868FCC9F795}.Debug|Any CPU.Build.0 = Debug|Any CPU
		{8215AAE0-B153-43C3-934A-F868FCC9F795}.Release|Any CPU.ActiveCfg = Release|Any CPU
		{8215AAE0-B153-43C3-934A-F868FCC9F795}.Release|Any CPU.Build.0 = Release|Any CPU
		{D880B0D0-25CB-4E0E-A278-46811CC22861}.Debug|Any CPU.ActiveCfg = Debug|Any CPU
		{D880B0D0-25CB-4E0E-A278-46811CC22861}.Debug|Any CPU.Build.0 = Debug|Any CPU
		{D880B0D0-25CB-4E0E-A278-46811CC22861}.Release|Any CPU.ActiveCfg = Release|Any CPU
		{D880B0D0-25CB-4E0E-A278-46811CC22861}.Release|Any CPU.Build.0 = Release|Any CPU
	EndGlobalSection
	GlobalSection(SolutionProperties) = preSolution
		HideSolutionNode = FALSE
	EndGlobalSection
	GlobalSection(ExtensibilityGlobals) = postSolution
		SolutionGuid = {071C09C0-7A31-491B-8479-1EC2977F5EB8}
	EndGlobalSection
EndGlobal
